
Microsoft Visual Studio Solution File, Format Version 12.00
# Visual Studio Version 17
VisualStudioVersion = 17.13.35825.156 d17.13
MinimumVisualStudioVersion = 10.0.40219.1
Project("{FAE04EC0-301F-11D3-BF4B-00C04F79EFBC}") = "Gamestore", "Gamestore\Gamestore.csproj", "{B4A7B399-59D8-4845-9FC3-72E8DE19C33D}"
EndProject
Global
	GlobalSection(SolutionConfigurationPlatforms) = preSolution
		Debug|Any CPU = Debug|Any CPU
		Release|Any CPU = Release|Any CPU
	EndGlobalSection
	GlobalSection(ProjectConfigurationPlatforms) = postSolution
		{B4A7B399-59D8-4845-9FC3-72E8DE19C33D}.Debug|Any CPU.ActiveCfg = Debug|Any CPU
		{B4A7B399-59D8-4845-9FC3-72E8DE19C33D}.Debug|Any CPU.Build.0 = Debug|Any CPU
		{B4A7B399-59D8-4845-9FC3-72E8DE19C33D}.Release|Any CPU.ActiveCfg = Release|Any CPU
		{B4A7B399-59D8-4845-9FC3-72E8DE19C33D}.Release|Any CPU.Build.0 = Release|Any CPU
	EndGlobalSection
	GlobalSection(SolutionProperties) = preSolution
		HideSolutionNode = FALSE
	EndGlobalSection
	GlobalSection(ExtensibilityGlobals) = postSolution
		SolutionGuid = {E104A48E-BEDC-4A0A-A26E-1F8973057432}
	EndGlobalSection
EndGlobal
